
Microsoft Visual Studio Solution File, Format Version 12.00
# Visual Studio 15
VisualStudioVersion = 15.0.26730.10
MinimumVisualStudioVersion = 10.0.40219.1
Project("{9A19103F-16F7-4668-BE54-9A1E7A4F7556}") = "AspNetCoreWebapiSample.Web", "AspNetCoreWebapiSample.Web\AspNetCoreWebapiSample.Web.csproj", "{676BE263-118D-4752-BFE2-733A58963E9C}"
EndProject
Project("{9A19103F-16F7-4668-BE54-9A1E7A4F7556}") = "AspNetCoreWebapiSample.Services", "AspNetCoreWebapiSample.Services\AspNetCoreWebapiSample.Services.csproj", "{DB49797B-7E51-4010-B433-77E541075937}"
EndProject
Project("{9A19103F-16F7-4668-BE54-9A1E7A4F7556}") = "AspNetCoreWebapiSample.Domain", "AspNetCoreWebapiSample.Domain\AspNetCoreWebapiSample.Domain.csproj", "{D81CE66B-58A8-4A8A-9245-3857110D5DB0}"
EndProject
Project("{FAE04EC0-301F-11D3-BF4B-00C04F79EFBC}") = "AspNetCoreWebapiSample.Infrastructure", "AspNetCoreWebapiSample.Infrastructure\AspNetCoreWebapiSample.Infrastructure.csproj", "{43170D0A-FAB0-4550-9470-3C13B1D06A79}"
EndProject
Project("{FAE04EC0-301F-11D3-BF4B-00C04F79EFBC}") = "AspNetCoreWebapiSample.Test", "AspNetCoreWebapiSample.Test\AspNetCoreWebapiSample.Test.csproj", "{08E6AFE1-EBD9-42C4-A084-DED1DE36FB64}"
EndProject
Global
	GlobalSection(SolutionConfigurationPlatforms) = preSolution
		Debug|Any CPU = Debug|Any CPU
		Release|Any CPU = Release|Any CPU
	EndGlobalSection
	GlobalSection(ProjectConfigurationPlatforms) = postSolution
		{676BE263-118D-4752-BFE2-733A58963E9C}.Debug|Any CPU.ActiveCfg = Debug|Any CPU
		{676BE263-118D-4752-BFE2-733A58963E9C}.Debug|Any CPU.Build.0 = Debug|Any CPU
		{676BE263-118D-4752-BFE2-733A58963E9C}.Release|Any CPU.ActiveCfg = Release|Any CPU
		{676BE263-118D-4752-BFE2-733A58963E9C}.Release|Any CPU.Build.0 = Release|Any CPU
		{DB49797B-7E51-4010-B433-77E541075937}.Debug|Any CPU.ActiveCfg = Debug|Any CPU
		{DB49797B-7E51-4010-B433-77E541075937}.Debug|Any CPU.Build.0 = Debug|Any CPU
		{DB49797B-7E51-4010-B433-77E541075937}.Release|Any CPU.ActiveCfg = Release|Any CPU
		{DB49797B-7E51-4010-B433-77E541075937}.Release|Any CPU.Build.0 = Release|Any CPU
		{D81CE66B-58A8-4A8A-9245-3857110D5DB0}.Debug|Any CPU.ActiveCfg = Debug|Any CPU
		{D81CE66B-58A8-4A8A-9245-3857110D5DB0}.Debug|Any CPU.Build.0 = Debug|Any CPU
		{D81CE66B-58A8-4A8A-9245-3857110D5DB0}.Release|Any CPU.ActiveCfg = Release|Any CPU
		{D81CE66B-58A8-4A8A-9245-3857110D5DB0}.Release|Any CPU.Build.0 = Release|Any CPU
		{43170D0A-FAB0-4550-9470-3C13B1D06A79}.Debug|Any CPU.ActiveCfg = Debug|Any CPU
		{43170D0A-FAB0-4550-9470-3C13B1D06A79}.Debug|Any CPU.Build.0 = Debug|Any CPU
		{43170D0A-FAB0-4550-9470-3C13B1D06A79}.Release|Any CPU.ActiveCfg = Release|Any CPU
		{43170D0A-FAB0-4550-9470-3C13B1D06A79}.Release|Any CPU.Build.0 = Release|Any CPU
		{08E6AFE1-EBD9-42C4-A084-DED1DE36FB64}.Debug|Any CPU.ActiveCfg = Debug|Any CPU
		{08E6AFE1-EBD9-42C4-A084-DED1DE36FB64}.Debug|Any CPU.Build.0 = Debug|Any CPU
		{08E6AFE1-EBD9-42C4-A084-DED1DE36FB64}.Release|Any CPU.ActiveCfg = Release|Any CPU
		{08E6AFE1-EBD9-42C4-A084-DED1DE36FB64}.Release|Any CPU.Build.0 = Release|Any CPU
	EndGlobalSection
	GlobalSection(SolutionProperties) = preSolution
		HideSolutionNode = FALSE
	EndGlobalSection
	GlobalSection(ExtensibilityGlobals) = postSolution
		SolutionGuid = {309F01EB-F63A-4396-A493-5CE5193A1ED0}
	EndGlobalSection
EndGlobal
